// !$*UTF8*$!
{
	archiveVersion = 1;
	classes = {
	};
	objectVersion = 56;
	objects = {

/* Begin PBXBuildFile section */
		A1000001 /* RecipeToRealityApp.swift in Sources */ = {isa = PBXBuildFile; fileRef = A2000001 /* RecipeToRealityApp.swift */; };
		A1000002 /* ContentView.swift in Sources */ = {isa = PBXBuildFile; fileRef = A2000002 /* ContentView.swift */; };
		A1000003 /* Recipe.swift in Sources */ = {isa = PBXBuildFile; fileRef = A2000003 /* Recipe.swift */; };
		A1000004 /* GroceryList.swift in Sources */ = {isa = PBXBuildFile; fileRef = A2000004 /* GroceryList.swift */; };
		A1000005 /* RecipeExtractionService.swift in Sources */ = {isa = PBXBuildFile; fileRef = A2000005 /* RecipeExtractionService.swift */; };
		A1000007 /* PurchaseManager.swift in Sources */ = {isa = PBXBuildFile; fileRef = A2000007 /* PurchaseManager.swift */; };
		A1000008 /* RecipeListView.swift in Sources */ = {isa = PBXBuildFile; fileRef = A2000008 /* RecipeListView.swift */; };
		A1000009 /* AddRecipeView.swift in Sources */ = {isa = PBXBuildFile; fileRef = A2000009 /* AddRecipeView.swift */; };
		A100000A /* RecipeDetailView.swift in Sources */ = {isa = PBXBuildFile; fileRef = A200000A /* RecipeDetailView.swift */; };
		A100000B /* GroceryListView.swift in Sources */ = {isa = PBXBuildFile; fileRef = A200000B /* GroceryListView.swift */; };
		A100000C /* SettingsView.swift in Sources */ = {isa = PBXBuildFile; fileRef = A200000C /* SettingsView.swift */; };
		A100000D /* Assets.xcassets in Resources */ = {isa = PBXBuildFile; fileRef = A200000D /* Assets.xcassets */; };
		A100000E /* RevenueCat in Frameworks */ = {isa = PBXBuildFile; productRef = A3000001 /* RevenueCat */; };
		A100000F /* RevenueCatUI in Frameworks */ = {isa = PBXBuildFile; productRef = A3000003 /* RevenueCatUI */; };
		A1000010 /* SharedURLManager.swift in Sources */ = {isa = PBXBuildFile; fileRef = A200000E /* SharedURLManager.swift */; };
		A1000011 /* AIProvider.swift in Sources */ = {isa = PBXBuildFile; fileRef = A200000F /* AIProvider.swift */; };
		A1000012 /* AISettingsManager.swift in Sources */ = {isa = PBXBuildFile; fileRef = A2000010 /* AISettingsManager.swift */; };
		A1000013 /* VideoTranscriptService.swift in Sources */ = {isa = PBXBuildFile; fileRef = A2000011 /* VideoTranscriptService.swift */; };
		A1000014 /* YoutubeTranscript in Frameworks */ = {isa = PBXBuildFile; productRef = A3000004 /* YoutubeTranscript */; };
		A1000015 /* Secrets.swift in Sources */ = {isa = PBXBuildFile; fileRef = A2000013 /* Secrets.swift */; };
		A1000016 /* AppConstants.swift in Sources */ = {isa = PBXBuildFile; fileRef = A2000014 /* AppConstants.swift */; };
		A1000020 /* PantryItem.swift in Sources */ = {isa = PBXBuildFile; fileRef = A2000020 /* PantryItem.swift */; };
		A1000021 /* PantryView.swift in Sources */ = {isa = PBXBuildFile; fileRef = A2000021 /* PantryView.swift */; };
		A1000022 /* AddPantryItemView.swift in Sources */ = {isa = PBXBuildFile; fileRef = A2000022 /* AddPantryItemView.swift */; };
		A1000023 /* WhatCanIMakeView.swift in Sources */ = {isa = PBXBuildFile; fileRef = A2000023 /* WhatCanIMakeView.swift */; };
		A1000030 /* MealPlan.swift in Sources */ = {isa = PBXBuildFile; fileRef = A2000030 /* MealPlan.swift */; };
		A1000031 /* MealPlanView.swift in Sources */ = {isa = PBXBuildFile; fileRef = A2000031 /* MealPlanView.swift */; };
		A1000032 /* AddMealPlanSheet.swift in Sources */ = {isa = PBXBuildFile; fileRef = A2000032 /* AddMealPlanSheet.swift */; };
		A1000040 /* HapticManager.swift in Sources */ = {isa = PBXBuildFile; fileRef = A2000040 /* HapticManager.swift */; };
		B1000001 /* GroceryListTests.swift in Sources */ = {isa = PBXBuildFile; fileRef = B2000001 /* GroceryListTests.swift */; };
		B1000002 /* IngredientParsingTests.swift in Sources */ = {isa = PBXBuildFile; fileRef = B2000002 /* IngredientParsingTests.swift */; };
		B1000003 /* RecipeExtractionTests.swift in Sources */ = {isa = PBXBuildFile; fileRef = B2000003 /* RecipeExtractionTests.swift */; };
		B1000004 /* ServingScalingTests.swift in Sources */ = {isa = PBXBuildFile; fileRef = B2000004 /* ServingScalingTests.swift */; };
/* End PBXBuildFile section */

/* Begin PBXContainerItemProxy section */
		B3000001 /* PBXContainerItemProxy */ = {
			isa = PBXContainerItemProxy;
			containerPortal = A8000001 /* Project object */;
			proxyType = 1;
			remoteGlobalIDString = A6000001;
			remoteInfo = RecipeToReality;
		};
/* End PBXContainerItemProxy section */

/* Begin PBXFileReference section */
		A0000001 /* RecipeToReality.app */ = {isa = PBXFileReference; explicitFileType = wrapper.application; includeInIndex = 0; path = RecipeToReality.app; sourceTree = BUILT_PRODUCTS_DIR; };
		A2000001 /* RecipeToRealityApp.swift */ = {isa = PBXFileReference; lastKnownFileType = sourcecode.swift; path = RecipeToRealityApp.swift; sourceTree = "<group>"; };
		A2000002 /* ContentView.swift */ = {isa = PBXFileReference; lastKnownFileType = sourcecode.swift; path = ContentView.swift; sourceTree = "<group>"; };
		A2000003 /* Recipe.swift */ = {isa = PBXFileReference; lastKnownFileType = sourcecode.swift; path = Recipe.swift; sourceTree = "<group>"; };
		A2000004 /* GroceryList.swift */ = {isa = PBXFileReference; lastKnownFileType = sourcecode.swift; path = GroceryList.swift; sourceTree = "<group>"; };
		A2000005 /* RecipeExtractionService.swift */ = {isa = PBXFileReference; lastKnownFileType = sourcecode.swift; path = RecipeExtractionService.swift; sourceTree = "<group>"; };
		A2000007 /* PurchaseManager.swift */ = {isa = PBXFileReference; lastKnownFileType = sourcecode.swift; path = PurchaseManager.swift; sourceTree = "<group>"; };
		A2000008 /* RecipeListView.swift */ = {isa = PBXFileReference; lastKnownFileType = sourcecode.swift; path = RecipeListView.swift; sourceTree = "<group>"; };
		A2000009 /* AddRecipeView.swift */ = {isa = PBXFileReference; lastKnownFileType = sourcecode.swift; path = AddRecipeView.swift; sourceTree = "<group>"; };
		A200000A /* RecipeDetailView.swift */ = {isa = PBXFileReference; lastKnownFileType = sourcecode.swift; path = RecipeDetailView.swift; sourceTree = "<group>"; };
		A200000B /* GroceryListView.swift */ = {isa = PBXFileReference; lastKnownFileType = sourcecode.swift; path = GroceryListView.swift; sourceTree = "<group>"; };
		A200000C /* SettingsView.swift */ = {isa = PBXFileReference; lastKnownFileType = sourcecode.swift; path = SettingsView.swift; sourceTree = "<group>"; };
		A200000D /* Assets.xcassets */ = {isa = PBXFileReference; lastKnownFileType = folder.assetcatalog; path = Assets.xcassets; sourceTree = "<group>"; };
		A200000E /* SharedURLManager.swift */ = {isa = PBXFileReference; lastKnownFileType = sourcecode.swift; path = SharedURLManager.swift; sourceTree = "<group>"; };
		A200000F /* AIProvider.swift */ = {isa = PBXFileReference; lastKnownFileType = sourcecode.swift; path = AIProvider.swift; sourceTree = "<group>"; };
		A2000010 /* AISettingsManager.swift */ = {isa = PBXFileReference; lastKnownFileType = sourcecode.swift; path = AISettingsManager.swift; sourceTree = "<group>"; };
		A2000011 /* VideoTranscriptService.swift */ = {isa = PBXFileReference; lastKnownFileType = sourcecode.swift; path = VideoTranscriptService.swift; sourceTree = "<group>"; };
		A2000012 /* Configuration.storekit */ = {isa = PBXFileReference; lastKnownFileType = text; path = Configuration.storekit; sourceTree = "<group>"; };
		A2000013 /* Secrets.swift */ = {isa = PBXFileReference; lastKnownFileType = sourcecode.swift; path = Secrets.swift; sourceTree = "<group>"; };
		A2000014 /* AppConstants.swift */ = {isa = PBXFileReference; lastKnownFileType = sourcecode.swift; path = AppConstants.swift; sourceTree = "<group>"; };
		A2000020 /* PantryItem.swift */ = {isa = PBXFileReference; lastKnownFileType = sourcecode.swift; path = PantryItem.swift; sourceTree = "<group>"; };
		A2000021 /* PantryView.swift */ = {isa = PBXFileReference; lastKnownFileType = sourcecode.swift; path = PantryView.swift; sourceTree = "<group>"; };
		A2000022 /* AddPantryItemView.swift */ = {isa = PBXFileReference; lastKnownFileType = sourcecode.swift; path = AddPantryItemView.swift; sourceTree = "<group>"; };
		A2000023 /* WhatCanIMakeView.swift */ = {isa = PBXFileReference; lastKnownFileType = sourcecode.swift; path = WhatCanIMakeView.swift; sourceTree = "<group>"; };
		A2000030 /* MealPlan.swift */ = {isa = PBXFileReference; lastKnownFileType = sourcecode.swift; path = MealPlan.swift; sourceTree = "<group>"; };
		A2000031 /* MealPlanView.swift */ = {isa = PBXFileReference; lastKnownFileType = sourcecode.swift; path = MealPlanView.swift; sourceTree = "<group>"; };
		A2000032 /* AddMealPlanSheet.swift */ = {isa = PBXFileReference; lastKnownFileType = sourcecode.swift; path = AddMealPlanSheet.swift; sourceTree = "<group>"; };
		A2000040 /* HapticManager.swift */ = {isa = PBXFileReference; lastKnownFileType = sourcecode.swift; path = HapticManager.swift; sourceTree = "<group>"; };
		B0000001 /* RecipeToRealityTests.xctest */ = {isa = PBXFileReference; explicitFileType = wrapper.cfbundle; includeInIndex = 0; path = RecipeToRealityTests.xctest; sourceTree = BUILT_PRODUCTS_DIR; };
		B2000001 /* GroceryListTests.swift */ = {isa = PBXFileReference; lastKnownFileType = sourcecode.swift; path = GroceryListTests.swift; sourceTree = "<group>"; };
		B2000002 /* IngredientParsingTests.swift */ = {isa = PBXFileReference; lastKnownFileType = sourcecode.swift; path = IngredientParsingTests.swift; sourceTree = "<group>"; };
		B2000003 /* RecipeExtractionTests.swift */ = {isa = PBXFileReference; lastKnownFileType = sourcecode.swift; path = RecipeExtractionTests.swift; sourceTree = "<group>"; };
		B2000004 /* ServingScalingTests.swift */ = {isa = PBXFileReference; lastKnownFileType = sourcecode.swift; path = ServingScalingTests.swift; sourceTree = "<group>"; };
/* End PBXFileReference section */

/* Begin PBXFrameworksBuildPhase section */
		A4000001 /* Frameworks */ = {
			isa = PBXFrameworksBuildPhase;
			buildActionMask = 2147483647;
			files = (
				A100000E /* RevenueCat in Frameworks */,
				A100000F /* RevenueCatUI in Frameworks */,
				A1000014 /* YoutubeTranscript in Frameworks */,
			);
			runOnlyForDeploymentPostprocessing = 0;
		};
		B4000001 /* Frameworks */ = {
			isa = PBXFrameworksBuildPhase;
			buildActionMask = 2147483647;
			files = (
			);
			runOnlyForDeploymentPostprocessing = 0;
		};
/* End PBXFrameworksBuildPhase section */

/* Begin PBXGroup section */
		A5000001 = {
			isa = PBXGroup;
			children = (
				A5000002 /* RecipeToReality */,
				B5000001 /* RecipeToRealityTests */,
				A5000003 /* Products */,
			);
			sourceTree = "<group>";
		};
		A5000002 /* RecipeToReality */ = {
			isa = PBXGroup;
			children = (
				A2000001 /* RecipeToRealityApp.swift */,
				A2000002 /* ContentView.swift */,
				A5000004 /* Models */,
				A5000005 /* Views */,
				A5000006 /* Services */,
				A5000007 /* Configuration */,
				A200000D /* Assets.xcassets */,
				A2000012 /* Configuration.storekit */,
			);
			path = RecipeToReality;
			sourceTree = "<group>";
		};
		A5000007 /* Configuration */ = {
			isa = PBXGroup;
			children = (
				A2000013 /* Secrets.swift */,
				A2000014 /* AppConstants.swift */,
			);
			path = Configuration;
			sourceTree = "<group>";
		};
		A5000003 /* Products */ = {
			isa = PBXGroup;
			children = (
				A0000001 /* RecipeToReality.app */,
				B0000001 /* RecipeToRealityTests.xctest */,
			);
			name = Products;
			sourceTree = "<group>";
		};
		A5000004 /* Models */ = {
			isa = PBXGroup;
			children = (
				A2000003 /* Recipe.swift */,
				A2000004 /* GroceryList.swift */,
				A2000020 /* PantryItem.swift */,
				A2000030 /* MealPlan.swift */,
			);
			path = Models;
			sourceTree = "<group>";
		};
		A5000005 /* Views */ = {
			isa = PBXGroup;
			children = (
				A2000008 /* RecipeListView.swift */,
				A2000009 /* AddRecipeView.swift */,
				A200000A /* RecipeDetailView.swift */,
				A200000B /* GroceryListView.swift */,
				A200000C /* SettingsView.swift */,
				A2000021 /* PantryView.swift */,
				A2000022 /* AddPantryItemView.swift */,
				A2000023 /* WhatCanIMakeView.swift */,
				A2000031 /* MealPlanView.swift */,
				A2000032 /* AddMealPlanSheet.swift */,
			);
			path = Views;
			sourceTree = "<group>";
		};
		A5000006 /* Services */ = {
			isa = PBXGroup;
			children = (
				A2000005 /* RecipeExtractionService.swift */,
				A2000007 /* PurchaseManager.swift */,
				A200000E /* SharedURLManager.swift */,
				A200000F /* AIProvider.swift */,
				A2000010 /* AISettingsManager.swift */,
				A2000011 /* VideoTranscriptService.swift */,
				A2000040 /* HapticManager.swift */,
			);
			path = Services;
			sourceTree = "<group>";
		};
		B5000001 /* RecipeToRealityTests */ = {
			isa = PBXGroup;
			children = (
				B2000001 /* GroceryListTests.swift */,
				B2000002 /* IngredientParsingTests.swift */,
				B2000003 /* RecipeExtractionTests.swift */,
				B2000004 /* ServingScalingTests.swift */,
			);
			path = RecipeToRealityTests;
			sourceTree = "<group>";
		};
/* End PBXGroup section */

/* Begin PBXNativeTarget section */
		A6000001 /* RecipeToReality */ = {
			isa = PBXNativeTarget;
			buildConfigurationList = A7000001 /* Build configuration list for PBXNativeTarget "RecipeToReality" */;
			buildPhases = (
				A4000002 /* Sources */,
				A4000001 /* Frameworks */,
				A4000003 /* Resources */,
			);
			buildRules = (
			);
			dependencies = (
			);
			name = RecipeToReality;
			packageProductDependencies = (
				A3000001 /* RevenueCat */,
				A3000003 /* RevenueCatUI */,
				A3000004 /* YoutubeTranscript */,
			);
			productName = RecipeToReality;
			productReference = A0000001 /* RecipeToReality.app */;
			productType = "com.apple.product-type.application";
		};
		B6000001 /* RecipeToRealityTests */ = {
			isa = PBXNativeTarget;
			buildConfigurationList = B7000001 /* Build configuration list for PBXNativeTarget "RecipeToRealityTests" */;
			buildPhases = (
				B4000002 /* Sources */,
				B4000001 /* Frameworks */,
				B4000003 /* Resources */,
			);
			buildRules = (
			);
			dependencies = (
				B3000002 /* PBXTargetDependency */,
			);
			name = RecipeToRealityTests;
			productName = RecipeToRealityTests;
			productReference = B0000001 /* RecipeToRealityTests.xctest */;
			productType = "com.apple.product-type.bundle.unit-test";
		};
/* End PBXNativeTarget section */

/* Begin PBXProject section */
		A8000001 /* Project object */ = {
			isa = PBXProject;
			attributes = {
				BuildIndependentTargetsInParallel = 1;
				LastSwiftUpdateCheck = 1500;
				LastUpgradeCheck = 2620;
				TargetAttributes = {
					A6000001 = {
						CreatedOnToolsVersion = 15.0;
					};
					B6000001 = {
						CreatedOnToolsVersion = 15.0;
						TestTargetID = A6000001;
					};
				};
			};
			buildConfigurationList = A7000002 /* Build configuration list for PBXProject "RecipeToReality" */;
			compatibilityVersion = "Xcode 14.0";
			developmentRegion = en;
			hasScannedForEncodings = 0;
			knownRegions = (
				en,
				Base,
			);
			mainGroup = A5000001;
			packageReferences = (
				A3000002 /* XCRemoteSwiftPackageReference "purchases-ios-spm" */,
				A3000005 /* XCRemoteSwiftPackageReference "swift-youtube-transcript" */,
			);
			productRefGroup = A5000003 /* Products */;
			projectDirPath = "";
			projectRoot = "";
			targets = (
				A6000001 /* RecipeToReality */,
				B6000001 /* RecipeToRealityTests */,
			);
		};
/* End PBXProject section */

/* Begin PBXResourcesBuildPhase section */
		A4000003 /* Resources */ = {
			isa = PBXResourcesBuildPhase;
			buildActionMask = 2147483647;
			files = (
				A100000D /* Assets.xcassets in Resources */,
			);
			runOnlyForDeploymentPostprocessing = 0;
		};
		B4000003 /* Resources */ = {
			isa = PBXResourcesBuildPhase;
			buildActionMask = 2147483647;
			files = (
			);
			runOnlyForDeploymentPostprocessing = 0;
		};
/* End PBXResourcesBuildPhase section */

/* Begin PBXSourcesBuildPhase section */
		A4000002 /* Sources */ = {
			isa = PBXSourcesBuildPhase;
			buildActionMask = 2147483647;
			files = (
				A1000001 /* RecipeToRealityApp.swift in Sources */,
				A1000002 /* ContentView.swift in Sources */,
				A1000003 /* Recipe.swift in Sources */,
				A1000004 /* GroceryList.swift in Sources */,
				A1000005 /* RecipeExtractionService.swift in Sources */,
				A1000007 /* PurchaseManager.swift in Sources */,
				A1000010 /* SharedURLManager.swift in Sources */,
				A1000011 /* AIProvider.swift in Sources */,
				A1000012 /* AISettingsManager.swift in Sources */,
				A1000008 /* RecipeListView.swift in Sources */,
				A1000009 /* AddRecipeView.swift in Sources */,
				A100000A /* RecipeDetailView.swift in Sources */,
				A100000B /* GroceryListView.swift in Sources */,
				A100000C /* SettingsView.swift in Sources */,
				A1000013 /* VideoTranscriptService.swift in Sources */,
				A1000015 /* Secrets.swift in Sources */,
				A1000016 /* AppConstants.swift in Sources */,
				A1000020 /* PantryItem.swift in Sources */,
				A1000021 /* PantryView.swift in Sources */,
				A1000022 /* AddPantryItemView.swift in Sources */,
				A1000023 /* WhatCanIMakeView.swift in Sources */,
				A1000030 /* MealPlan.swift in Sources */,
				A1000031 /* MealPlanView.swift in Sources */,
				A1000032 /* AddMealPlanSheet.swift in Sources */,
				A1000040 /* HapticManager.swift in Sources */,
			);
			runOnlyForDeploymentPostprocessing = 0;
		};
		B4000002 /* Sources */ = {
			isa = PBXSourcesBuildPhase;
			buildActionMask = 2147483647;
			files = (
				B1000001 /* GroceryListTests.swift in Sources */,
				B1000002 /* IngredientParsingTests.swift in Sources */,
				B1000003 /* RecipeExtractionTests.swift in Sources */,
				B1000004 /* ServingScalingTests.swift in Sources */,
			);
			runOnlyForDeploymentPostprocessing = 0;
		};
/* End PBXSourcesBuildPhase section */

/* Begin PBXTargetDependency section */
		B3000002 /* PBXTargetDependency */ = {
			isa = PBXTargetDependency;
			target = A6000001 /* RecipeToReality */;
			targetProxy = B3000001 /* PBXContainerItemProxy */;
		};
/* End PBXTargetDependency section */

/* Begin XCBuildConfiguration section */
		A9000001 /* Debug */ = {
			isa = XCBuildConfiguration;
			buildSettings = {
				ALWAYS_SEARCH_USER_PATHS = NO;
				ASSETCATALOG_COMPILER_GENERATE_SWIFT_ASSET_SYMBOL_EXTENSIONS = YES;
				CLANG_ANALYZER_NONNULL = YES;
				CLANG_ANALYZER_NUMBER_OBJECT_CONVERSION = YES_AGGRESSIVE;
				CLANG_CXX_LANGUAGE_STANDARD = "gnu++20";
				CLANG_ENABLE_MODULES = YES;
				CLANG_ENABLE_OBJC_ARC = YES;
				CLANG_ENABLE_OBJC_WEAK = YES;
				CLANG_WARN_BLOCK_CAPTURE_AUTORELEASING = YES;
				CLANG_WARN_BOOL_CONVERSION = YES;
				CLANG_WARN_COMMA = YES;
				CLANG_WARN_CONSTANT_CONVERSION = YES;
				CLANG_WARN_DEPRECATED_OBJC_IMPLEMENTATIONS = YES;
				CLANG_WARN_DIRECT_OBJC_ISA_USAGE = YES_ERROR;
				CLANG_WARN_DOCUMENTATION_COMMENTS = YES;
				CLANG_WARN_EMPTY_BODY = YES;
				CLANG_WARN_ENUM_CONVERSION = YES;
				CLANG_WARN_INFINITE_RECURSION = YES;
				CLANG_WARN_INT_CONVERSION = YES;
				CLANG_WARN_NON_LITERAL_NULL_CONVERSION = YES;
				CLANG_WARN_OBJC_IMPLICIT_RETAIN_SELF = YES;
				CLANG_WARN_OBJC_LITERAL_CONVERSION = YES;
				CLANG_WARN_OBJC_ROOT_CLASS = YES_ERROR;
				CLANG_WARN_QUOTED_INCLUDE_IN_FRAMEWORK_HEADER = YES;
				CLANG_WARN_RANGE_LOOP_ANALYSIS = YES;
				CLANG_WARN_STRICT_PROTOTYPES = YES;
				CLANG_WARN_SUSPICIOUS_MOVE = YES;
				CLANG_WARN_UNGUARDED_AVAILABILITY = YES_AGGRESSIVE;
				CLANG_WARN_UNREACHABLE_CODE = YES;
				CLANG_WARN__DUPLICATE_METHOD_MATCH = YES;
				COPY_PHASE_STRIP = NO;
				DEBUG_INFORMATION_FORMAT = dwarf;
				ENABLE_STRICT_OBJC_MSGSEND = YES;
				ENABLE_TESTABILITY = YES;
				ENABLE_USER_SCRIPT_SANDBOXING = YES;
				GCC_C_LANGUAGE_STANDARD = gnu17;
				GCC_DYNAMIC_NO_PIC = NO;
				GCC_NO_COMMON_BLOCKS = YES;
				GCC_OPTIMIZATION_LEVEL = 0;
				GCC_PREPROCESSOR_DEFINITIONS = (
					"DEBUG=1",
					"$(inherited)",
				);
				GCC_WARN_64_TO_32_BIT_CONVERSION = YES;
				GCC_WARN_ABOUT_RETURN_TYPE = YES_ERROR;
				GCC_WARN_UNDECLARED_SELECTOR = YES;
				GCC_WARN_UNINITIALIZED_AUTOS = YES_AGGRESSIVE;
				GCC_WARN_UNUSED_FUNCTION = YES;
				GCC_WARN_UNUSED_VARIABLE = YES;
				IPHONEOS_DEPLOYMENT_TARGET = 17.0;
				LOCALIZATION_PREFERS_STRING_CATALOGS = YES;
				MTL_ENABLE_DEBUG_INFO = INCLUDE_SOURCE;
				MTL_FAST_MATH = YES;
				ONLY_ACTIVE_ARCH = YES;
				SDKROOT = iphoneos;
				STRING_CATALOG_GENERATE_SYMBOLS = YES;
				SWIFT_ACTIVE_COMPILATION_CONDITIONS = "DEBUG $(inherited)";
				SWIFT_OPTIMIZATION_LEVEL = "-Onone";
			};
			name = Debug;
		};
		A9000002 /* Release */ = {
			isa = XCBuildConfiguration;
			buildSettings = {
				ALWAYS_SEARCH_USER_PATHS = NO;
				ASSETCATALOG_COMPILER_GENERATE_SWIFT_ASSET_SYMBOL_EXTENSIONS = YES;
				CLANG_ANALYZER_NONNULL = YES;
				CLANG_ANALYZER_NUMBER_OBJECT_CONVERSION = YES_AGGRESSIVE;
				CLANG_CXX_LANGUAGE_STANDARD = "gnu++20";
				CLANG_ENABLE_MODULES = YES;
				CLANG_ENABLE_OBJC_ARC = YES;
				CLANG_ENABLE_OBJC_WEAK = YES;
				CLANG_WARN_BLOCK_CAPTURE_AUTORELEASING = YES;
				CLANG_WARN_BOOL_CONVERSION = YES;
				CLANG_WARN_COMMA = YES;
				CLANG_WARN_CONSTANT_CONVERSION = YES;
				CLANG_WARN_DEPRECATED_OBJC_IMPLEMENTATIONS = YES;
				CLANG_WARN_DIRECT_OBJC_ISA_USAGE = YES_ERROR;
				CLANG_WARN_DOCUMENTATION_COMMENTS = YES;
				CLANG_WARN_EMPTY_BODY = YES;
				CLANG_WARN_ENUM_CONVERSION = YES;
				CLANG_WARN_INFINITE_RECURSION = YES;
				CLANG_WARN_INT_CONVERSION = YES;
				CLANG_WARN_NON_LITERAL_NULL_CONVERSION = YES;
				CLANG_WARN_OBJC_IMPLICIT_RETAIN_SELF = YES;
				CLANG_WARN_OBJC_LITERAL_CONVERSION = YES;
				CLANG_WARN_OBJC_ROOT_CLASS = YES_ERROR;
				CLANG_WARN_QUOTED_INCLUDE_IN_FRAMEWORK_HEADER = YES;
				CLANG_WARN_RANGE_LOOP_ANALYSIS = YES;
				CLANG_WARN_STRICT_PROTOTYPES = YES;
				CLANG_WARN_SUSPICIOUS_MOVE = YES;
				CLANG_WARN_UNGUARDED_AVAILABILITY = YES_AGGRESSIVE;
				CLANG_WARN_UNREACHABLE_CODE = YES;
				CLANG_WARN__DUPLICATE_METHOD_MATCH = YES;
				COPY_PHASE_STRIP = NO;
				DEBUG_INFORMATION_FORMAT = "dwarf-with-dsym";
				ENABLE_NS_ASSERTIONS = NO;
				ENABLE_STRICT_OBJC_MSGSEND = YES;
				ENABLE_USER_SCRIPT_SANDBOXING = YES;
				GCC_C_LANGUAGE_STANDARD = gnu17;
				GCC_NO_COMMON_BLOCKS = YES;
				GCC_WARN_64_TO_32_BIT_CONVERSION = YES;
				GCC_WARN_ABOUT_RETURN_TYPE = YES_ERROR;
				GCC_WARN_UNDECLARED_SELECTOR = YES;
				GCC_WARN_UNINITIALIZED_AUTOS = YES_AGGRESSIVE;
				GCC_WARN_UNUSED_FUNCTION = YES;
				GCC_WARN_UNUSED_VARIABLE = YES;
				IPHONEOS_DEPLOYMENT_TARGET = 17.0;
				LOCALIZATION_PREFERS_STRING_CATALOGS = YES;
				MTL_ENABLE_DEBUG_INFO = NO;
				MTL_FAST_MATH = YES;
				SDKROOT = iphoneos;
				STRING_CATALOG_GENERATE_SYMBOLS = YES;
				SWIFT_COMPILATION_MODE = wholemodule;
				VALIDATE_PRODUCT = YES;
			};
			name = Release;
		};
		A9000003 /* Debug */ = {
			isa = XCBuildConfiguration;
			buildSettings = {
				ASSETCATALOG_COMPILER_APPICON_NAME = AppIcon;
				ASSETCATALOG_COMPILER_GLOBAL_ACCENT_COLOR_NAME = AccentColor;
				CODE_SIGN_STYLE = Automatic;
				CURRENT_PROJECT_VERSION = 1;
				DEVELOPMENT_ASSET_PATHS = "\"RecipeToReality/Preview Content\"";
				DEVELOPMENT_TEAM = 4WXA94CNKK;
				ENABLE_PREVIEWS = YES;
				GENERATE_INFOPLIST_FILE = YES;
				INFOPLIST_FILE = RecipeToReality/Info.plist;
				INFOPLIST_KEY_CFBundleDisplayName = "Recipe to Reality";
				INFOPLIST_KEY_LSApplicationCategoryType = "public.app-category.food-and-drink";
				INFOPLIST_KEY_UIApplicationSceneManifest_Generation = YES;
				INFOPLIST_KEY_UIApplicationSupportsIndirectInputEvents = YES;
				INFOPLIST_KEY_UILaunchScreen_Generation = YES;
				INFOPLIST_KEY_UISupportedInterfaceOrientations_iPad = "UIInterfaceOrientationPortrait UIInterfaceOrientationPortraitUpsideDown UIInterfaceOrientationLandscapeLeft UIInterfaceOrientationLandscapeRight";
				INFOPLIST_KEY_UISupportedInterfaceOrientations_iPhone = "UIInterfaceOrientationPortrait UIInterfaceOrientationLandscapeLeft UIInterfaceOrientationLandscapeRight";
				LD_RUNPATH_SEARCH_PATHS = (
					"$(inherited)",
					"@executable_path/Frameworks",
				);
				MARKETING_VERSION = 1.0;
				PRODUCT_BUNDLE_IDENTIFIER = com.tylerjb.recipetoreality;
				PRODUCT_NAME = "$(TARGET_NAME)";
				SWIFT_EMIT_LOC_STRINGS = YES;
				SWIFT_VERSION = 5.0;
				TARGETED_DEVICE_FAMILY = "1,2";
			};
			name = Debug;
		};
		A9000004 /* Release */ = {
			isa = XCBuildConfiguration;
			buildSettings = {
				ASSETCATALOG_COMPILER_APPICON_NAME = AppIcon;
				ASSETCATALOG_COMPILER_GLOBAL_ACCENT_COLOR_NAME = AccentColor;
				CODE_SIGN_STYLE = Automatic;
				CURRENT_PROJECT_VERSION = 1;
				DEVELOPMENT_ASSET_PATHS = "\"RecipeToReality/Preview Content\"";
				DEVELOPMENT_TEAM = 4WXA94CNKK;
				ENABLE_PREVIEWS = YES;
				GENERATE_INFOPLIST_FILE = YES;
				INFOPLIST_FILE = RecipeToReality/Info.plist;
				INFOPLIST_KEY_CFBundleDisplayName = "Recipe to Reality";
				INFOPLIST_KEY_LSApplicationCategoryType = "public.app-category.food-and-drink";
				INFOPLIST_KEY_UIApplicationSceneManifest_Generation = YES;
				INFOPLIST_KEY_UIApplicationSupportsIndirectInputEvents = YES;
				INFOPLIST_KEY_UILaunchScreen_Generation = YES;
				INFOPLIST_KEY_UISupportedInterfaceOrientations_iPad = "UIInterfaceOrientationPortrait UIInterfaceOrientationPortraitUpsideDown UIInterfaceOrientationLandscapeLeft UIInterfaceOrientationLandscapeRight";
				INFOPLIST_KEY_UISupportedInterfaceOrientations_iPhone = "UIInterfaceOrientationPortrait UIInterfaceOrientationLandscapeLeft UIInterfaceOrientationLandscapeRight";
				LD_RUNPATH_SEARCH_PATHS = (
					"$(inherited)",
					"@executable_path/Frameworks",
				);
				MARKETING_VERSION = 1.0;
				PRODUCT_BUNDLE_IDENTIFIER = com.tylerjb.recipetoreality;
				PRODUCT_NAME = "$(TARGET_NAME)";
				SWIFT_EMIT_LOC_STRINGS = YES;
				SWIFT_VERSION = 5.0;
				TARGETED_DEVICE_FAMILY = "1,2";
			};
			name = Release;
		};
		B9000001 /* Debug */ = {
			isa = XCBuildConfiguration;
			buildSettings = {
				BUNDLE_LOADER = "$(TEST_HOST)";
				CODE_SIGN_STYLE = Automatic;
				CURRENT_PROJECT_VERSION = 1;
				DEVELOPMENT_TEAM = 4WXA94CNKK;
				GENERATE_INFOPLIST_FILE = YES;
				IPHONEOS_DEPLOYMENT_TARGET = 17.0;
				MARKETING_VERSION = 1.0;
				PRODUCT_BUNDLE_IDENTIFIER = com.tylerjb.recipetoreality.tests;
				PRODUCT_NAME = "$(TARGET_NAME)";
				SWIFT_EMIT_LOC_STRINGS = NO;
				SWIFT_VERSION = 5.0;
				TARGETED_DEVICE_FAMILY = "1,2";
				TEST_HOST = "$(BUILT_PRODUCTS_DIR)/RecipeToReality.app/$(BUNDLE_EXECUTABLE_FOLDER_PATH)/RecipeToReality";
			};
			name = Debug;
		};
		B9000002 /* Release */ = {
			isa = XCBuildConfiguration;
			buildSettings = {
				BUNDLE_LOADER = "$(TEST_HOST)";
				CODE_SIGN_STYLE = Automatic;
				CURRENT_PROJECT_VERSION = 1;
				DEVELOPMENT_TEAM = 4WXA94CNKK;
				GENERATE_INFOPLIST_FILE = YES;
				IPHONEOS_DEPLOYMENT_TARGET = 17.0;
				MARKETING_VERSION = 1.0;
				PRODUCT_BUNDLE_IDENTIFIER = com.tylerjb.recipetoreality.tests;
				PRODUCT_NAME = "$(TARGET_NAME)";
				SWIFT_EMIT_LOC_STRINGS = NO;
				SWIFT_VERSION = 5.0;
				TARGETED_DEVICE_FAMILY = "1,2";
				TEST_HOST = "$(BUILT_PRODUCTS_DIR)/RecipeToReality.app/$(BUNDLE_EXECUTABLE_FOLDER_PATH)/RecipeToReality";
			};
			name = Release;
		};
/* End XCBuildConfiguration section */

/* Begin XCConfigurationList section */
		A7000001 /* Build configuration list for PBXNativeTarget "RecipeToReality" */ = {
			isa = XCConfigurationList;
			buildConfigurations = (
				A9000003 /* Debug */,
				A9000004 /* Release */,
			);
			defaultConfigurationIsVisible = 0;
			defaultConfigurationName = Release;
		};
		A7000002 /* Build configuration list for PBXProject "RecipeToReality" */ = {
			isa = XCConfigurationList;
			buildConfigurations = (
				A9000001 /* Debug */,
				A9000002 /* Release */,
			);
			defaultConfigurationIsVisible = 0;
			defaultConfigurationName = Release;
		};
		B7000001 /* Build configuration list for PBXNativeTarget "RecipeToRealityTests" */ = {
			isa = XCConfigurationList;
			buildConfigurations = (
				B9000001 /* Debug */,
				B9000002 /* Release */,
			);
			defaultConfigurationIsVisible = 0;
			defaultConfigurationName = Release;
		};
/* End XCConfigurationList section */

/* Begin XCRemoteSwiftPackageReference section */
		A3000002 /* XCRemoteSwiftPackageReference "purchases-ios-spm" */ = {
			isa = XCRemoteSwiftPackageReference;
			repositoryURL = "https://github.com/RevenueCat/purchases-ios-spm.git";
			requirement = {
				kind = upToNextMajorVersion;
				minimumVersion = 5.0.0;
			};
		};
		A3000005 /* XCRemoteSwiftPackageReference "swift-youtube-transcript" */ = {
			isa = XCRemoteSwiftPackageReference;
			repositoryURL = "https://github.com/spaceman1412/swift-youtube-transcript.git";
			requirement = {
				kind = upToNextMajorVersion;
				minimumVersion = 1.0.0;
			};
		};
/* End XCRemoteSwiftPackageReference section */

/* Begin XCSwiftPackageProductDependency section */
		A3000001 /* RevenueCat */ = {
			isa = XCSwiftPackageProductDependency;
			package = A3000002 /* XCRemoteSwiftPackageReference "purchases-ios-spm" */;
			productName = RevenueCat;
		};
		A3000003 /* RevenueCatUI */ = {
			isa = XCSwiftPackageProductDependency;
			package = A3000002 /* XCRemoteSwiftPackageReference "purchases-ios-spm" */;
			productName = RevenueCatUI;
		};
		A3000004 /* YoutubeTranscript */ = {
			isa = XCSwiftPackageProductDependency;
			package = A3000005 /* XCRemoteSwiftPackageReference "swift-youtube-transcript" */;
			productName = YoutubeTranscript;
		};
/* End XCSwiftPackageProductDependency section */
	};
	rootObject = A8000001 /* Project object */;
}
