{
  "originHash" : "cb3a4b72d88b244089a6468db612de65ac8846200ee96b113c8490e05fa2a86b",
  "pins" : [
    {
      "identity" : "purchases-ios-spm",
      "kind" : "remoteSourceControl",
      "location" : "https://github.com/RevenueCat/purchases-ios-spm.git",
      "state" : {
        "revision" : "64537f67b39795833c8fe229dbf0c76780634e9b",
        "version" : "5.55.0"
      }
    },
    {
      "identity" : "swift-youtube-transcript",
      "kind" : "remoteSourceControl",
      "location" : "https://github.com/spaceman1412/swift-youtube-transcript.git",
      "state" : {
        "revision" : "e6fb610ee78d5dff8c8c81589875d43cbc9ef856",
        "version" : "1.0.0"
      }
    }
  ],
  "version" : 3
}
